
Microsoft Visual Studio Solution File, Format Version 12.00
# Visual Studio Version 17
VisualStudioVersion = 17.9.34902.65
MinimumVisualStudioVersion = 10.0.40219.1
Project("{FAE04EC0-301F-11D3-BF4B-00C04F79EFBC}") = "W6A1", "W6A1\W6A1.csproj", "{73840985-02EA-4FFD-A394-FD8148F9BA41}"
EndProject
Global
	GlobalSection(SolutionConfigurationPlatforms) = preSolution
		Debug|Any CPU = Debug|Any CPU
		Release|Any CPU = Release|Any CPU
	EndGlobalSection
	GlobalSection(ProjectConfigurationPlatforms) = postSolution
		{73840985-02EA-4FFD-A394-FD8148F9BA41}.Debug|Any CPU.ActiveCfg = Debug|Any CPU
		{73840985-02EA-4FFD-A394-FD8148F9BA41}.Debug|Any CPU.Build.0 = Debug|Any CPU
		{73840985-02EA-4FFD-A394-FD8148F9BA41}.Release|Any CPU.ActiveCfg = Release|Any CPU
		{73840985-02EA-4FFD-A394-FD8148F9BA41}.Release|Any CPU.Build.0 = Release|Any CPU
	EndGlobalSection
	GlobalSection(SolutionProperties) = preSolution
		HideSolutionNode = FALSE
	EndGlobalSection
	GlobalSection(ExtensibilityGlobals) = postSolution
		SolutionGuid = {3C6FD12A-F642-499D-8404-C6FF9BBCD184}
	EndGlobalSection
EndGlobal
